<?xml version="1.0" encoding="utf-8"?>
<Project ToolsVersion="4.0" xmlns="http://schemas.microsoft.com/developer/msbuild/2003">
  <ItemGroup>
    <Filter Include="Source Files">
      <UniqueIdentifier>{4FC737F1-C7A5-4376-A066-2A32D752A2FF}</UniqueIdentifier>
      <Extensions>cpp;c;cc;cxx;def;odl;idl;hpj;bat;asm;asmx</Extensions>
    </Filter>
    <Filter Include="Header Files">
      <UniqueIdentifier>{93995380-89BD-4b04-88EB-625FBE52EBFB}</UniqueIdentifier>
      <Extensions>h;hh;hpp;hxx;hm;inl;inc;xsd</Extensions>
    </Filter>
    <Filter Include="Resource Files">
      <UniqueIdentifier>{67DA6AB6-F800-4c08-8B7A-83BB121AAD01}</UniqueIdentifier>
      <Extensions>rc;ico;cur;bmp;dlg;rc2;rct;bin;rgs;gif;jpg;jpeg;jpe;resx;tiff;tif;png;wav;mfcribbon-ms</Extensions>
    </Filter>
    <Filter Include="Source Files\flc">
      <UniqueIdentifier>{b4c1df33-e808-42ac-a9c9-d81f17988973}</UniqueIdentifier>
    </Filter>
    <Filter Include="Source Files\flc\tokens">
      <UniqueIdentifier>{bbc80bf8-2df9-4c19-903b-d3942c12c41e}</UniqueIdentifier>
    </Filter>
    <Filter Include="Header Files\flc">
      <UniqueIdentifier>{bab98271-a9b3-486d-b962-994c37f82850}</UniqueIdentifier>
    </Filter>
    <Filter Include="Header Files\flc\tokens">
      <UniqueIdentifier>{a9ec14f9-4b3e-48a3-a224-fa0b377ffd81}</UniqueIdentifier>
    </Filter>
    <Filter Include="Copy To Output">
      <UniqueIdentifier>{3ebe8308-5901-47e4-b4e2-75734696821d}</UniqueIdentifier>
    </Filter>
    <Filter Include="Source Files\flc\syntax">
      <UniqueIdentifier>{df11b0f9-b8a8-458f-9510-0a78a4a57c78}</UniqueIdentifier>
    </Filter>
    <Filter Include="Header Files\flc\syntax">
      <UniqueIdentifier>{5188ef81-35fd-413e-b195-9f02a5ef5156}</UniqueIdentifier>
    </Filter>
    <Filter Include="Source Files\flc\syntax\factory">
      <UniqueIdentifier>{ed952475-9249-4873-b648-6a8f6f59098a}</UniqueIdentifier>
    </Filter>
    <Filter Include="Header Files\flc\syntax\factory">
      <UniqueIdentifier>{aa5e4e23-dfdd-4436-ae87-4a4064191bb7}</UniqueIdentifier>
    </Filter>
    <Filter Include="Header Files\flc\types">
      <UniqueIdentifier>{d5f31722-014f-4538-ae54-64fd978ae7d4}</UniqueIdentifier>
    </Filter>
    <Filter Include="Source Files\flc\types">
      <UniqueIdentifier>{4190cd14-fe0f-4880-8426-c5e151eca973}</UniqueIdentifier>
    </Filter>
    <Filter Include="Source Files\flc\op">
      <UniqueIdentifier>{eb2e14df-93f6-4fd9-ac5f-f624e13b6ea1}</UniqueIdentifier>
    </Filter>
    <Filter Include="Header Files\flc\op">
      <UniqueIdentifier>{40dfec4e-db5d-478f-bff9-dcc32ea299e8}</UniqueIdentifier>
    </Filter>
    <Filter Include="Source Files\flc\types\predefined">
      <UniqueIdentifier>{789d4d0b-5761-48b6-ab7a-9ad2f8d367bd}</UniqueIdentifier>
    </Filter>
    <Filter Include="Header Files\flc\types\predefined">
      <UniqueIdentifier>{54158b65-443e-4da1-8e19-b1d140f4cb31}</UniqueIdentifier>
    </Filter>
    <Filter Include="Source Files\flc\emit">
      <UniqueIdentifier>{986222ea-7527-47b3-bb0a-63fc2e12249d}</UniqueIdentifier>
    </Filter>
    <Filter Include="Header Files\flc\emit">
      <UniqueIdentifier>{22735dfb-b1fc-4725-8a02-f5582d1f07fb}</UniqueIdentifier>
    </Filter>
    <Filter Include="Header Files\flc\syntax\binary">
      <UniqueIdentifier>{76c194f4-096e-45ea-91c4-789cbaa07714}</UniqueIdentifier>
    </Filter>
    <Filter Include="Header Files\flc\syntax\unary">
      <UniqueIdentifier>{852337f4-2e7f-4070-8071-df1a22a854c3}</UniqueIdentifier>
    </Filter>
    <Filter Include="Header Files\flc\syntax\literal">
      <UniqueIdentifier>{cdf8fa05-ff93-4215-83ff-b55599a3228d}</UniqueIdentifier>
    </Filter>
    <Filter Include="Header Files\flc\syntax\ternary">
      <UniqueIdentifier>{e866b7e7-4627-4f31-a935-2abf3b1259e2}</UniqueIdentifier>
    </Filter>
    <Filter Include="Header Files\flc\syntax\expr">
      <UniqueIdentifier>{68893ca8-75fc-450e-a020-974457ea4dd9}</UniqueIdentifier>
    </Filter>
    <Filter Include="Header Files\flc\syntax\terminal">
      <UniqueIdentifier>{7e7909f3-70ed-4948-a6ee-6b41939b4174}</UniqueIdentifier>
    </Filter>
    <Filter Include="Source Files\flc\syntax\binary">
      <UniqueIdentifier>{73b4182d-b13d-4880-a44a-6d545ecdee73}</UniqueIdentifier>
    </Filter>
    <Filter Include="Source Files\flc\syntax\ternary">
      <UniqueIdentifier>{7a45fc62-cf30-43da-b8c8-f4ee8392d93e}</UniqueIdentifier>
    </Filter>
    <Filter Include="Source Files\flc\syntax\unary">
      <UniqueIdentifier>{5d69910c-065b-41e9-81fa-3b7d07cf17f8}</UniqueIdentifier>
    </Filter>
    <Filter Include="Source Files\flc\syntax\terminal">
      <UniqueIdentifier>{796a03a5-a11e-4ddf-9f9d-b229aba925b2}</UniqueIdentifier>
    </Filter>
    <Filter Include="Source Files\flc\syntax\expr">
      <UniqueIdentifier>{54bdd844-d49c-41a8-bd0e-646161688ed4}</UniqueIdentifier>
    </Filter>
    <Filter Include="Source Files\flc\syntax\literal">
      <UniqueIdentifier>{c8fc3ce9-476f-4e71-b60f-d3fb0b1bed30}</UniqueIdentifier>
    </Filter>
    <Filter Include="Header Files\flc\emit\arithmetic">
      <UniqueIdentifier>{b8831ffd-bc1f-4b39-aa1d-4e1c9b3d76a7}</UniqueIdentifier>
    </Filter>
    <Filter Include="Header Files\flc\emit\branch">
      <UniqueIdentifier>{5eb50917-19ef-41d1-b79e-1de718151cd5}</UniqueIdentifier>
    </Filter>
    <Filter Include="Header Files\flc\emit\compare">
      <UniqueIdentifier>{f2293f82-2553-49b4-970f-52c8cac6609d}</UniqueIdentifier>
    </Filter>
    <Filter Include="Header Files\flc\emit\convert">
      <UniqueIdentifier>{dd012c1b-72b6-490f-9876-aded41d4a0a7}</UniqueIdentifier>
    </Filter>
    <Filter Include="Header Files\flc\emit\stack">
      <UniqueIdentifier>{94c52f22-5d35-40bf-9363-c47bf97ed4ee}</UniqueIdentifier>
    </Filter>
    <Filter Include="Header Files\flc\emit\constant">
      <UniqueIdentifier>{d2ca48a8-2e37-45cc-938e-e490ed1b0de3}</UniqueIdentifier>
    </Filter>
    <Filter Include="Header Files\flc\emit\misc">
      <UniqueIdentifier>{0c024d5c-8cda-46a2-a306-2c65cbc1c383}</UniqueIdentifier>
    </Filter>
    <Filter Include="Source Files\flc\emit\compare">
      <UniqueIdentifier>{299415d9-f231-4b89-9a5c-9ab761f627e5}</UniqueIdentifier>
    </Filter>
    <Filter Include="Source Files\flc\emit\arithmetic">
      <UniqueIdentifier>{7dbcf60e-b9ad-435b-8bac-96b28e557f05}</UniqueIdentifier>
    </Filter>
    <Filter Include="Source Files\flc\emit\branch">
      <UniqueIdentifier>{75351ba0-194b-415b-9627-2350dbd4e619}</UniqueIdentifier>
    </Filter>
    <Filter Include="Source Files\flc\emit\constant">
      <UniqueIdentifier>{b2ae8cb5-8526-4f99-a320-f4652014a62c}</UniqueIdentifier>
    </Filter>
    <Filter Include="Source Files\flc\emit\misc">
      <UniqueIdentifier>{626df0d6-b3af-40f3-8f28-081303590209}</UniqueIdentifier>
    </Filter>
    <Filter Include="Source Files\flc\emit\stack">
      <UniqueIdentifier>{2ba2cb86-26d7-49ae-9f36-d8f680f0d4a8}</UniqueIdentifier>
    </Filter>
    <Filter Include="Source Files\flc\emit\convert">
      <UniqueIdentifier>{26c78d8d-1b9f-4324-9f64-29e5a5ec2a54}</UniqueIdentifier>
    </Filter>
    <Filter Include="Source Files\flc\op\binary">
      <UniqueIdentifier>{e2ce8e59-5696-48e0-a4a6-e45f3e765b86}</UniqueIdentifier>
    </Filter>
    <Filter Include="Source Files\flc\op\unary">
      <UniqueIdentifier>{e59aedea-352f-4201-b94d-e9cb3d8a11e3}</UniqueIdentifier>
    </Filter>
    <Filter Include="Source Files\flc\op\cast">
      <UniqueIdentifier>{b5c00f7e-eafa-449b-a222-cb4a67646d22}</UniqueIdentifier>
    </Filter>
  </ItemGroup>
  <ItemGroup>
    <ClInclude Include="stdafx.h">
      <Filter>Header Files</Filter>
    </ClInclude>
    <ClInclude Include="targetver.h">
      <Filter>Header Files</Filter>
    </ClInclude>
    <ClInclude Include="CommandLineParser.h">
      <Filter>Header Files\flc</Filter>
    </ClInclude>
    <ClInclude Include="Compiler.h">
      <Filter>Header Files\flc</Filter>
    </ClInclude>
    <ClInclude Include="Token.h">
      <Filter>Header Files\flc\tokens</Filter>
    </ClInclude>
    <ClInclude Include="Tokenizer.h">
      <Filter>Header Files\flc\tokens</Filter>
    </ClInclude>
    <ClInclude Include="Errors.h">
      <Filter>Header Files\flc</Filter>
    </ClInclude>
    <ClInclude Include="IntegerLiteralToken.h">
      <Filter>Header Files\flc\tokens</Filter>
    </ClInclude>
    <ClInclude Include="FloatLiteralToken.h">
      <Filter>Header Files\flc\tokens</Filter>
    </ClInclude>
    <ClInclude Include="SymbolToken.h">
      <Filter>Header Files\flc\tokens</Filter>
    </ClInclude>
    <ClInclude Include="StringLiteralToken.h">
      <Filter>Header Files\flc\tokens</Filter>
    </ClInclude>
    <ClInclude Include="CharacterLiteralToken.h">
      <Filter>Header Files\flc\tokens</Filter>
    </ClInclude>
    <ClInclude Include="EndOfFileToken.h">
      <Filter>Header Files\flc\tokens</Filter>
    </ClInclude>
    <ClInclude Include="IdentifierToken.h">
      <Filter>Header Files\flc\tokens</Filter>
    </ClInclude>
    <ClInclude Include="KeywordToken.h">
      <Filter>Header Files\flc\tokens</Filter>
    </ClInclude>
    <ClInclude Include="BooleanLiteralToken.h">
      <Filter>Header Files\flc\tokens</Filter>
    </ClInclude>
    <ClInclude Include="NullLiteralToken.h">
      <Filter>Header Files\flc\tokens</Filter>
    </ClInclude>
    <ClInclude Include="ErrorToken.h">
      <Filter>Header Files\flc\tokens</Filter>
    </ClInclude>
    <ClInclude Include="MultiLineComment.h">
      <Filter>Header Files\flc\tokens</Filter>
    </ClInclude>
    <ClInclude Include="Comment.h">
      <Filter>Header Files\flc\tokens</Filter>
    </ClInclude>
    <ClInclude Include="SingleLineComment.h">
      <Filter>Header Files\flc\tokens</Filter>
    </ClInclude>
    <ClInclude Include="Syntax.h">
      <Filter>Header Files\flc\syntax</Filter>
    </ClInclude>
    <ClInclude Include="ExpressionSyntaxFactory.h">
      <Filter>Header Files\flc\syntax\factory</Filter>
    </ClInclude>
    <ClInclude Include="AdditiveExpressionSyntaxFactory.h">
      <Filter>Header Files\flc\syntax\factory</Filter>
    </ClInclude>
    <ClInclude Include="MultiplicativeExpressionSyntaxFactory.h">
      <Filter>Header Files\flc\syntax\factory</Filter>
    </ClInclude>
    <ClInclude Include="UnaryExpressionSyntaxFactory.h">
      <Filter>Header Files\flc\syntax\factory</Filter>
    </ClInclude>
    <ClInclude Include="TermSyntaxFactory.h">
      <Filter>Header Files\flc\syntax\factory</Filter>
    </ClInclude>
    <ClInclude Include="TernaryExpressionSyntaxFactory.h">
      <Filter>Header Files\flc\syntax\factory</Filter>
    </ClInclude>
    <ClInclude Include="ConditionalOrExpressionSyntaxFactory.h">
      <Filter>Header Files\flc\syntax\factory</Filter>
    </ClInclude>
    <ClInclude Include="ConditionalAndExpressionSyntaxFactory.h">
      <Filter>Header Files\flc\syntax\factory</Filter>
    </ClInclude>
    <ClInclude Include="InclusiveOrExpressionSyntaxFactory.h">
      <Filter>Header Files\flc\syntax\factory</Filter>
    </ClInclude>
    <ClInclude Include="ExclusiveOrExpressionSyntaxFactory.h">
      <Filter>Header Files\flc\syntax\factory</Filter>
    </ClInclude>
    <ClInclude Include="AndExpressionSyntaxFactory.h">
      <Filter>Header Files\flc\syntax\factory</Filter>
    </ClInclude>
    <ClInclude Include="EqualityExpressionSyntaxFactory.h">
      <Filter>Header Files\flc\syntax\factory</Filter>
    </ClInclude>
    <ClInclude Include="RelationalExpressionSyntaxFactory.h">
      <Filter>Header Files\flc\syntax\factory</Filter>
    </ClInclude>
    <ClInclude Include="ShiftExpressionSyntaxFactory.h">
      <Filter>Header Files\flc\syntax\factory</Filter>
    </ClInclude>
    <ClInclude Include="CompoundExpressionSyntaxFactory.h">
      <Filter>Header Files\flc\syntax\factory</Filter>
    </ClInclude>
    <ClInclude Include="IfExpressionSyntaxFactory.h">
      <Filter>Header Files\flc\syntax\factory</Filter>
    </ClInclude>
    <ClInclude Include="WhileExpressionSyntaxFactory.h">
      <Filter>Header Files\flc\syntax\factory</Filter>
    </ClInclude>
    <ClInclude Include="RuntimeType.h">
      <Filter>Header Files\flc\types</Filter>
    </ClInclude>
    <ClInclude Include="resource.h">
      <Filter>Header Files</Filter>
    </ClInclude>
    <ClInclude Include="INameResolutionContext.h">
      <Filter>Header Files\flc\types</Filter>
    </ClInclude>
    <ClInclude Include="INameInfo.h">
      <Filter>Header Files\flc\types</Filter>
    </ClInclude>
    <ClInclude Include="NameType.h">
      <Filter>Header Files\flc\types</Filter>
    </ClInclude>
    <ClInclude Include="Int32.h">
      <Filter>Header Files\flc\types\predefined</Filter>
    </ClInclude>
    <ClInclude Include="Int64.h">
      <Filter>Header Files\flc\types\predefined</Filter>
    </ClInclude>
    <ClInclude Include="UInt32.h">
      <Filter>Header Files\flc\types\predefined</Filter>
    </ClInclude>
    <ClInclude Include="UInt64.h">
      <Filter>Header Files\flc\types\predefined</Filter>
    </ClInclude>
    <ClInclude Include="Double.h">
      <Filter>Header Files\flc\types\predefined</Filter>
    </ClInclude>
    <ClInclude Include="Float.h">
      <Filter>Header Files\flc\types\predefined</Filter>
    </ClInclude>
    <ClInclude Include="String.h">
      <Filter>Header Files\flc\types\predefined</Filter>
    </ClInclude>
    <ClInclude Include="Boolean.h">
      <Filter>Header Files\flc\types\predefined</Filter>
    </ClInclude>
    <ClInclude Include="Void.h">
      <Filter>Header Files\flc\types\predefined</Filter>
    </ClInclude>
    <ClInclude Include="Int16.h">
      <Filter>Header Files\flc\types\predefined</Filter>
    </ClInclude>
    <ClInclude Include="Int8.h">
      <Filter>Header Files\flc\types\predefined</Filter>
    </ClInclude>
    <ClInclude Include="UInt8.h">
      <Filter>Header Files\flc\types\predefined</Filter>
    </ClInclude>
    <ClInclude Include="UInt16.h">
      <Filter>Header Files\flc\types\predefined</Filter>
    </ClInclude>
    <ClInclude Include="Char.h">
      <Filter>Header Files\flc\types\predefined</Filter>
    </ClInclude>
    <ClInclude Include="Object.h">
      <Filter>Header Files\flc\types\predefined</Filter>
    </ClInclude>
    <ClInclude Include="MethodGroup.h">
      <Filter>Header Files\flc\types</Filter>
    </ClInclude>
    <ClInclude Include="MethodOverload.h">
      <Filter>Header Files\flc\types</Filter>
    </ClInclude>
    <ClInclude Include="ParameterInfo.h">
      <Filter>Header Files\flc\types</Filter>
    </ClInclude>
    <ClInclude Include="IMemberInfo.h">
      <Filter>Header Files\flc\types</Filter>
    </ClInclude>
    <ClInclude Include="BinaryOperator.h">
      <Filter>Header Files\flc\op</Filter>
    </ClInclude>
    <ClInclude Include="Operator.h">
      <Filter>Header Files\flc\op</Filter>
    </ClInclude>
    <ClInclude Include="UnaryOperator.h">
      <Filter>Header Files\flc\op</Filter>
    </ClInclude>
    <ClInclude Include="NullLiteral.h">
      <Filter>Header Files\flc\types\predefined</Filter>
    </ClInclude>
    <ClInclude Include="RuntimeValueType.h">
      <Filter>Header Files\flc\types</Filter>
    </ClInclude>
    <ClInclude Include="LongLiteralToken.h">
      <Filter>Header Files\flc\tokens</Filter>
    </ClInclude>
    <ClInclude Include="ULongLiteralToken.h">
      <Filter>Header Files\flc\tokens</Filter>
    </ClInclude>
    <ClInclude Include="UIntegerLiteralToken.h">
      <Filter>Header Files\flc\tokens</Filter>
    </ClInclude>
    <ClInclude Include="DoubleLiteralToken.h">
      <Filter>Header Files\flc\tokens</Filter>
    </ClInclude>
    <ClInclude Include="NameResolutionContextStack.h">
      <Filter>Header Files\flc\types</Filter>
    </ClInclude>
    <ClInclude Include="Instr.h">
      <Filter>Header Files\flc\emit</Filter>
    </ClInclude>
    <ClInclude Include="AllInstrs.h">
      <Filter>Header Files\flc\emit</Filter>
    </ClInclude>
    <ClInclude Include="MethodBody.h">
      <Filter>Header Files\flc\emit</Filter>
    </ClInclude>
    <ClInclude Include="SpecialMethodOverload.h">
      <Filter>Header Files\flc\types</Filter>
    </ClInclude>
    <ClInclude Include="AdditiveExpressionSyntax.h">
      <Filter>Header Files\flc\syntax\binary</Filter>
    </ClInclude>
    <ClInclude Include="AndExpressionSyntax.h">
      <Filter>Header Files\flc\syntax\binary</Filter>
    </ClInclude>
    <ClInclude Include="BinaryOperatorExpressionSyntax.h">
      <Filter>Header Files\flc\syntax\binary</Filter>
    </ClInclude>
    <ClInclude Include="ConditionalAndExpressionSyntax.h">
      <Filter>Header Files\flc\syntax\binary</Filter>
    </ClInclude>
    <ClInclude Include="ConditionalOrExpressionSyntax.h">
      <Filter>Header Files\flc\syntax\binary</Filter>
    </ClInclude>
    <ClInclude Include="EqualityExpressionSyntax.h">
      <Filter>Header Files\flc\syntax\binary</Filter>
    </ClInclude>
    <ClInclude Include="ExclusiveOrExpressionSyntax.h">
      <Filter>Header Files\flc\syntax\binary</Filter>
    </ClInclude>
    <ClInclude Include="InclusiveOrExpressionSyntax.h">
      <Filter>Header Files\flc\syntax\binary</Filter>
    </ClInclude>
    <ClInclude Include="MultiplicativeExpressionSyntax.h">
      <Filter>Header Files\flc\syntax\binary</Filter>
    </ClInclude>
    <ClInclude Include="RelationalExpressionSyntax.h">
      <Filter>Header Files\flc\syntax\binary</Filter>
    </ClInclude>
    <ClInclude Include="ShiftExpressionSyntax.h">
      <Filter>Header Files\flc\syntax\binary</Filter>
    </ClInclude>
    <ClInclude Include="UnaryOperatorExpressionSyntax.h">
      <Filter>Header Files\flc\syntax\unary</Filter>
    </ClInclude>
    <ClInclude Include="BooleanLiteralSyntax.h">
      <Filter>Header Files\flc\syntax\literal</Filter>
    </ClInclude>
    <ClInclude Include="CharacterLiteralSyntax.h">
      <Filter>Header Files\flc\syntax\literal</Filter>
    </ClInclude>
    <ClInclude Include="ULongLiteralSyntax.h">
      <Filter>Header Files\flc\syntax\literal</Filter>
    </ClInclude>
    <ClInclude Include="UIntegerLiteralSyntax.h">
      <Filter>Header Files\flc\syntax\literal</Filter>
    </ClInclude>
    <ClInclude Include="StringLiteralSyntax.h">
      <Filter>Header Files\flc\syntax\literal</Filter>
    </ClInclude>
    <ClInclude Include="NullLiteralSyntax.h">
      <Filter>Header Files\flc\syntax\literal</Filter>
    </ClInclude>
    <ClInclude Include="LongLiteralSyntax.h">
      <Filter>Header Files\flc\syntax\literal</Filter>
    </ClInclude>
    <ClInclude Include="IntegerLiteralSyntax.h">
      <Filter>Header Files\flc\syntax\literal</Filter>
    </ClInclude>
    <ClInclude Include="FloatLiteralSyntax.h">
      <Filter>Header Files\flc\syntax\literal</Filter>
    </ClInclude>
    <ClInclude Include="DoubleLiteralSyntax.h">
      <Filter>Header Files\flc\syntax\literal</Filter>
    </ClInclude>
    <ClInclude Include="ComplexNameSyntax.h">
      <Filter>Header Files\flc\syntax\terminal</Filter>
    </ClInclude>
    <ClInclude Include="SimpleNameSyntax.h">
      <Filter>Header Files\flc\syntax\terminal</Filter>
    </ClInclude>
    <ClInclude Include="MemberAccessExpressionSyntax.h">
      <Filter>Header Files\flc\syntax\terminal</Filter>
    </ClInclude>
    <ClInclude Include="TernaryExpressionSyntax.h">
      <Filter>Header Files\flc\syntax\ternary</Filter>
    </ClInclude>
    <ClInclude Include="CompoundExpressionSyntax.h">
      <Filter>Header Files\flc\syntax\expr</Filter>
    </ClInclude>
    <ClInclude Include="AssignmentExpressionSyntax.h">
      <Filter>Header Files\flc\syntax\expr</Filter>
    </ClInclude>
    <ClInclude Include="IfExpressionSyntax.h">
      <Filter>Header Files\flc\syntax\expr</Filter>
    </ClInclude>
    <ClInclude Include="WhileExpressionSyntax.h">
      <Filter>Header Files\flc\syntax\expr</Filter>
    </ClInclude>
    <ClInclude Include="LiteralSyntax.h">
      <Filter>Header Files\flc\syntax\literal</Filter>
    </ClInclude>
    <ClInclude Include="ExpressionSyntax.h">
      <Filter>Header Files\flc\syntax\expr</Filter>
    </ClInclude>
    <ClInclude Include="AddInstr.h">
      <Filter>Header Files\flc\emit\arithmetic</Filter>
    </ClInclude>
    <ClInclude Include="AndInstr.h">
      <Filter>Header Files\flc\emit\arithmetic</Filter>
    </ClInclude>
    <ClInclude Include="CkfiniteInstr.h">
      <Filter>Header Files\flc\emit\compare</Filter>
    </ClInclude>
    <ClInclude Include="CeqInstr.h">
      <Filter>Header Files\flc\emit\compare</Filter>
    </ClInclude>
    <ClInclude Include="CgtInstr.h">
      <Filter>Header Files\flc\emit\compare</Filter>
    </ClInclude>
    <ClInclude Include="CltInstr.h">
      <Filter>Header Files\flc\emit\compare</Filter>
    </ClInclude>
    <ClInclude Include="ConvI1Instr.h">
      <Filter>Header Files\flc\emit\convert</Filter>
    </ClInclude>
    <ClInclude Include="ConvI2Instr.h">
      <Filter>Header Files\flc\emit\convert</Filter>
    </ClInclude>
    <ClInclude Include="ConvI4Instr.h">
      <Filter>Header Files\flc\emit\convert</Filter>
    </ClInclude>
    <ClInclude Include="ConvI8Instr.h">
      <Filter>Header Files\flc\emit\convert</Filter>
    </ClInclude>
    <ClInclude Include="ConvIInstr.h">
      <Filter>Header Files\flc\emit\convert</Filter>
    </ClInclude>
    <ClInclude Include="ConvR4Instr.h">
      <Filter>Header Files\flc\emit\convert</Filter>
    </ClInclude>
    <ClInclude Include="ConvR8Instr.h">
      <Filter>Header Files\flc\emit\convert</Filter>
    </ClInclude>
    <ClInclude Include="DivInstr.h">
      <Filter>Header Files\flc\emit\arithmetic</Filter>
    </ClInclude>
    <ClInclude Include="DupInstr.h">
      <Filter>Header Files\flc\emit\stack</Filter>
    </ClInclude>
    <ClInclude Include="LdcI8Instr.h">
      <Filter>Header Files\flc\emit\constant</Filter>
    </ClInclude>
    <ClInclude Include="LdcI4Instr.h">
      <Filter>Header Files\flc\emit\constant</Filter>
    </ClInclude>
    <ClInclude Include="LdcR4Instr.h">
      <Filter>Header Files\flc\emit\constant</Filter>
    </ClInclude>
    <ClInclude Include="LdcR8Instr.h">
      <Filter>Header Files\flc\emit\constant</Filter>
    </ClInclude>
    <ClInclude Include="LdnullInstr.h">
      <Filter>Header Files\flc\emit\constant</Filter>
    </ClInclude>
    <ClInclude Include="LdstrInstr.h">
      <Filter>Header Files\flc\emit\constant</Filter>
    </ClInclude>
    <ClInclude Include="MulInstr.h">
      <Filter>Header Files\flc\emit\arithmetic</Filter>
    </ClInclude>
    <ClInclude Include="NegInstr.h">
      <Filter>Header Files\flc\emit\arithmetic</Filter>
    </ClInclude>
    <ClInclude Include="NotInstr.h">
      <Filter>Header Files\flc\emit\arithmetic</Filter>
    </ClInclude>
    <ClInclude Include="OrInstr.h">
      <Filter>Header Files\flc\emit\arithmetic</Filter>
    </ClInclude>
    <ClInclude Include="RemInstr.h">
      <Filter>Header Files\flc\emit\arithmetic</Filter>
    </ClInclude>
    <ClInclude Include="ShlInstr.h">
      <Filter>Header Files\flc\emit\arithmetic</Filter>
    </ClInclude>
    <ClInclude Include="ShrInstr.h">
      <Filter>Header Files\flc\emit\arithmetic</Filter>
    </ClInclude>
    <ClInclude Include="SubInstr.h">
      <Filter>Header Files\flc\emit\arithmetic</Filter>
    </ClInclude>
    <ClInclude Include="XorInstr.h">
      <Filter>Header Files\flc\emit\arithmetic</Filter>
    </ClInclude>
    <ClInclude Include="PopInstr.h">
      <Filter>Header Files\flc\emit\stack</Filter>
    </ClInclude>
    <ClInclude Include="NopInstr.h">
      <Filter>Header Files\flc\emit\misc</Filter>
    </ClInclude>
    <ClInclude Include="BreakInstr.h">
      <Filter>Header Files\flc\emit\misc</Filter>
    </ClInclude>
    <ClInclude Include="UnaryPlusExpressionSyntax.h">
      <Filter>Header Files\flc\syntax\unary</Filter>
    </ClInclude>
    <ClInclude Include="NegateExpressionSyntax.h">
      <Filter>Header Files\flc\syntax\unary</Filter>
    </ClInclude>
    <ClInclude Include="OnesComplementExpressionSyntax.h">
      <Filter>Header Files\flc\syntax\unary</Filter>
    </ClInclude>
    <ClInclude Include="LogicalNotExpressionSyntax.h">
      <Filter>Header Files\flc\syntax\unary</Filter>
    </ClInclude>
    <ClInclude Include="PreIncrementExpressionSyntax.h">
      <Filter>Header Files\flc\syntax\unary</Filter>
    </ClInclude>
    <ClInclude Include="PreDecrementExpressionSyntax.h">
      <Filter>Header Files\flc\syntax\unary</Filter>
    </ClInclude>
    <ClInclude Include="CastOperator.h">
      <Filter>Header Files\flc\op</Filter>
    </ClInclude>
    <ClInclude Include="OperatorOverloadMacros.h">
      <Filter>Header Files\flc\op</Filter>
    </ClInclude>
    <ClInclude Include="ImplicitCastOperator.h">
      <Filter>Header Files\flc\op</Filter>
    </ClInclude>
    <ClInclude Include="ExplicitCastOperator.h">
      <Filter>Header Files\flc\op</Filter>
    </ClInclude>
    <ClInclude Include="BoxInstr.h">
      <Filter>Header Files\flc\emit\convert</Filter>
    </ClInclude>
    <ClInclude Include="BranchInstr.h">
      <Filter>Header Files\flc\emit\branch</Filter>
    </ClInclude>
    <ClInclude Include="BrInstr.h">
      <Filter>Header Files\flc\emit\branch</Filter>
    </ClInclude>
    <ClInclude Include="BeqInstr.h">
      <Filter>Header Files\flc\emit\branch</Filter>
    </ClInclude>
    <ClInclude Include="BgeInstr.h">
      <Filter>Header Files\flc\emit\branch</Filter>
    </ClInclude>
    <ClInclude Include="BgtInstr.h">
      <Filter>Header Files\flc\emit\branch</Filter>
    </ClInclude>
    <ClInclude Include="BleInstr.h">
      <Filter>Header Files\flc\emit\branch</Filter>
    </ClInclude>
    <ClInclude Include="BltInstr.h">
      <Filter>Header Files\flc\emit\branch</Filter>
    </ClInclude>
    <ClInclude Include="BneInstr.h">
      <Filter>Header Files\flc\emit\branch</Filter>
    </ClInclude>
    <ClInclude Include="BrtrueInstr.h">
      <Filter>Header Files\flc\emit\branch</Filter>
    </ClInclude>
    <ClInclude Include="BrfalseInstr.h">
      <Filter>Header Files\flc\emit\branch</Filter>
    </ClInclude>
    <ClInclude Include="BranchTarget.h">
      <Filter>Header Files\flc\emit\branch</Filter>
    </ClInclude>
  </ItemGroup>
  <ItemGroup>
    <ClCompile Include="CommandLineParser.cpp">
      <Filter>Source Files\flc</Filter>
    </ClCompile>
    <ClCompile Include="Compiler.cpp">
      <Filter>Source Files\flc</Filter>
    </ClCompile>
    <ClCompile Include="Tokenizer.cpp">
      <Filter>Source Files\flc\tokens</Filter>
    </ClCompile>
    <ClCompile Include="Token.cpp">
      <Filter>Source Files\flc\tokens</Filter>
    </ClCompile>
    <ClCompile Include="Errors.cpp">
      <Filter>Source Files\flc</Filter>
    </ClCompile>
    <ClCompile Include="IntegerLiteralToken.cpp">
      <Filter>Source Files\flc\tokens</Filter>
    </ClCompile>
    <ClCompile Include="FloatLiteralToken.cpp">
      <Filter>Source Files\flc\tokens</Filter>
    </ClCompile>
    <ClCompile Include="SymbolToken.cpp">
      <Filter>Source Files\flc\tokens</Filter>
    </ClCompile>
    <ClCompile Include="StringLiteralToken.cpp">
      <Filter>Source Files\flc\tokens</Filter>
    </ClCompile>
    <ClCompile Include="CharacterLiteralToken.cpp">
      <Filter>Source Files\flc\tokens</Filter>
    </ClCompile>
    <ClCompile Include="EndOfFileToken.cpp">
      <Filter>Source Files\flc\tokens</Filter>
    </ClCompile>
    <ClCompile Include="IdentifierToken.cpp">
      <Filter>Source Files\flc\tokens</Filter>
    </ClCompile>
    <ClCompile Include="KeywordToken.cpp">
      <Filter>Source Files\flc\tokens</Filter>
    </ClCompile>
    <ClCompile Include="NullLiteralToken.cpp">
      <Filter>Source Files\flc\tokens</Filter>
    </ClCompile>
    <ClCompile Include="BooleanLiteralToken.cpp">
      <Filter>Source Files\flc\tokens</Filter>
    </ClCompile>
    <ClCompile Include="ErrorToken.cpp">
      <Filter>Source Files\flc\tokens</Filter>
    </ClCompile>
    <ClCompile Include="MultiLineComment.cpp">
      <Filter>Source Files\flc\tokens</Filter>
    </ClCompile>
    <ClCompile Include="SingleLineComment.cpp">
      <Filter>Source Files\flc\tokens</Filter>
    </ClCompile>
    <ClCompile Include="Comment.cpp">
      <Filter>Source Files\flc\tokens</Filter>
    </ClCompile>
    <ClCompile Include="Syntax.cpp">
      <Filter>Source Files\flc\syntax</Filter>
    </ClCompile>
    <ClCompile Include="ExpressionSyntaxFactory.cpp">
      <Filter>Source Files\flc\syntax\factory</Filter>
    </ClCompile>
    <ClCompile Include="AdditiveExpressionSyntaxFactory.cpp">
      <Filter>Source Files\flc\syntax\factory</Filter>
    </ClCompile>
    <ClCompile Include="MultiplicativeExpressionSyntaxFactory.cpp">
      <Filter>Source Files\flc\syntax\factory</Filter>
    </ClCompile>
    <ClCompile Include="UnaryExpressionSyntaxFactory.cpp">
      <Filter>Source Files\flc\syntax\factory</Filter>
    </ClCompile>
    <ClCompile Include="TermSyntaxFactory.cpp">
      <Filter>Source Files\flc\syntax\factory</Filter>
    </ClCompile>
    <ClCompile Include="TernaryExpressionSyntaxFactory.cpp">
      <Filter>Source Files\flc\syntax\factory</Filter>
    </ClCompile>
    <ClCompile Include="ConditionalOrExpressionSyntaxFactory.cpp">
      <Filter>Source Files\flc\syntax\factory</Filter>
    </ClCompile>
    <ClCompile Include="ConditionalAndExpressionSyntaxFactory.cpp">
      <Filter>Source Files\flc\syntax\factory</Filter>
    </ClCompile>
    <ClCompile Include="InclusiveOrExpressionSyntaxFactory.cpp">
      <Filter>Source Files\flc\syntax\factory</Filter>
    </ClCompile>
    <ClCompile Include="ExclusiveOrExpressionSyntaxFactory.cpp">
      <Filter>Source Files\flc\syntax\factory</Filter>
    </ClCompile>
    <ClCompile Include="AndExpressionSyntaxFactory.cpp">
      <Filter>Source Files\flc\syntax\factory</Filter>
    </ClCompile>
    <ClCompile Include="EqualityExpressionSyntaxFactory.cpp">
      <Filter>Source Files\flc\syntax\factory</Filter>
    </ClCompile>
    <ClCompile Include="RelationalExpressionSyntaxFactory.cpp">
      <Filter>Source Files\flc\syntax\factory</Filter>
    </ClCompile>
    <ClCompile Include="ShiftExpressionSyntaxFactory.cpp">
      <Filter>Source Files\flc\syntax\factory</Filter>
    </ClCompile>
    <ClCompile Include="CompoundExpressionSyntaxFactory.cpp">
      <Filter>Source Files\flc\syntax\factory</Filter>
    </ClCompile>
    <ClCompile Include="IfExpressionSyntaxFactory.cpp">
      <Filter>Source Files\flc\syntax\factory</Filter>
    </ClCompile>
    <ClCompile Include="WhileExpressionSyntaxFactory.cpp">
      <Filter>Source Files\flc\syntax\factory</Filter>
    </ClCompile>
    <ClCompile Include="RuntimeType.cpp">
      <Filter>Source Files\flc\types</Filter>
    </ClCompile>
    <ClCompile Include="INameInfo.cpp">
      <Filter>Source Files\flc\types</Filter>
    </ClCompile>
    <ClCompile Include="Int32.cpp">
      <Filter>Source Files\flc\types\predefined</Filter>
    </ClCompile>
    <ClCompile Include="Int64.cpp">
      <Filter>Source Files\flc\types\predefined</Filter>
    </ClCompile>
    <ClCompile Include="Float.cpp">
      <Filter>Source Files\flc\types\predefined</Filter>
    </ClCompile>
    <ClCompile Include="Double.cpp">
      <Filter>Source Files\flc\types\predefined</Filter>
    </ClCompile>
    <ClCompile Include="String.cpp">
      <Filter>Source Files\flc\types\predefined</Filter>
    </ClCompile>
    <ClCompile Include="UInt32.cpp">
      <Filter>Source Files\flc\types\predefined</Filter>
    </ClCompile>
    <ClCompile Include="UInt64.cpp">
      <Filter>Source Files\flc\types\predefined</Filter>
    </ClCompile>
    <ClCompile Include="Char.cpp">
      <Filter>Source Files\flc\types\predefined</Filter>
    </ClCompile>
    <ClCompile Include="Void.cpp">
      <Filter>Source Files\flc\types\predefined</Filter>
    </ClCompile>
    <ClCompile Include="Int16.cpp">
      <Filter>Source Files\flc\types\predefined</Filter>
    </ClCompile>
    <ClCompile Include="Int8.cpp">
      <Filter>Source Files\flc\types\predefined</Filter>
    </ClCompile>
    <ClCompile Include="UInt8.cpp">
      <Filter>Source Files\flc\types\predefined</Filter>
    </ClCompile>
    <ClCompile Include="UInt16.cpp">
      <Filter>Source Files\flc\types\predefined</Filter>
    </ClCompile>
    <ClCompile Include="Object.cpp">
      <Filter>Source Files\flc\types\predefined</Filter>
    </ClCompile>
    <ClCompile Include="Boolean.cpp">
      <Filter>Source Files\flc\types\predefined</Filter>
    </ClCompile>
    <ClCompile Include="MethodGroup.cpp">
      <Filter>Source Files\flc\types</Filter>
    </ClCompile>
    <ClCompile Include="MethodOverload.cpp">
      <Filter>Source Files\flc\types</Filter>
    </ClCompile>
    <ClCompile Include="ParameterInfo.cpp">
      <Filter>Source Files\flc\types</Filter>
    </ClCompile>
    <ClCompile Include="Operator.cpp">
      <Filter>Source Files\flc\op</Filter>
    </ClCompile>
    <ClCompile Include="NullLiteral.cpp">
      <Filter>Source Files\flc\types\predefined</Filter>
    </ClCompile>
    <ClCompile Include="RuntimeValueType.cpp">
      <Filter>Source Files\flc\types</Filter>
    </ClCompile>
    <ClCompile Include="UIntegerLiteralToken.cpp">
      <Filter>Source Files\flc\tokens</Filter>
    </ClCompile>
    <ClCompile Include="ULongLiteralToken.cpp">
      <Filter>Source Files\flc\tokens</Filter>
    </ClCompile>
    <ClCompile Include="LongLiteralToken.cpp">
      <Filter>Source Files\flc\tokens</Filter>
    </ClCompile>
    <ClCompile Include="DoubleLiteralToken.cpp">
      <Filter>Source Files\flc\tokens</Filter>
    </ClCompile>
    <ClCompile Include="NameResolutionContextStack.cpp">
      <Filter>Source Files\flc\types</Filter>
    </ClCompile>
    <ClCompile Include="stdafx.cpp">
      <Filter>Source Files</Filter>
    </ClCompile>
    <ClCompile Include="Program.cpp">
      <Filter>Source Files</Filter>
    </ClCompile>
    <ClCompile Include="MethodBody.cpp">
      <Filter>Source Files\flc\emit</Filter>
    </ClCompile>
    <ClCompile Include="Instr.cpp">
      <Filter>Source Files\flc\emit</Filter>
    </ClCompile>
    <ClCompile Include="SpecialMethodOverload.cpp">
      <Filter>Source Files\flc\types</Filter>
    </ClCompile>
    <ClCompile Include="AdditiveExpressionSyntax.cpp">
      <Filter>Source Files\flc\syntax\binary</Filter>
    </ClCompile>
    <ClCompile Include="AndExpressionSyntax.cpp">
      <Filter>Source Files\flc\syntax\binary</Filter>
    </ClCompile>
    <ClCompile Include="AssignmentExpressionSyntax.cpp">
      <Filter>Source Files\flc\syntax\expr</Filter>
    </ClCompile>
    <ClCompile Include="BinaryOperatorExpressionSyntax.cpp">
      <Filter>Source Files\flc\syntax\binary</Filter>
    </ClCompile>
    <ClCompile Include="BooleanLiteralSyntax.cpp">
      <Filter>Source Files\flc\syntax\literal</Filter>
    </ClCompile>
    <ClCompile Include="CharacterLiteralSyntax.cpp">
      <Filter>Source Files\flc\syntax\literal</Filter>
    </ClCompile>
    <ClCompile Include="ComplexNameSyntax.cpp">
      <Filter>Source Files\flc\syntax\terminal</Filter>
    </ClCompile>
    <ClCompile Include="CompoundExpressionSyntax.cpp">
      <Filter>Source Files\flc\syntax\expr</Filter>
    </ClCompile>
    <ClCompile Include="ConditionalAndExpressionSyntax.cpp">
      <Filter>Source Files\flc\syntax\binary</Filter>
    </ClCompile>
    <ClCompile Include="ConditionalOrExpressionSyntax.cpp">
      <Filter>Source Files\flc\syntax\binary</Filter>
    </ClCompile>
    <ClCompile Include="DoubleLiteralSyntax.cpp">
      <Filter>Source Files\flc\syntax\literal</Filter>
    </ClCompile>
    <ClCompile Include="EqualityExpressionSyntax.cpp">
      <Filter>Source Files\flc\syntax\binary</Filter>
    </ClCompile>
    <ClCompile Include="ExclusiveOrExpressionSyntax.cpp">
      <Filter>Source Files\flc\syntax\binary</Filter>
    </ClCompile>
    <ClCompile Include="ExpressionSyntax.cpp">
      <Filter>Source Files\flc\syntax\expr</Filter>
    </ClCompile>
    <ClCompile Include="FloatLiteralSyntax.cpp">
      <Filter>Source Files\flc\syntax\literal</Filter>
    </ClCompile>
    <ClCompile Include="InclusiveOrExpressionSyntax.cpp">
      <Filter>Source Files\flc\syntax\binary</Filter>
    </ClCompile>
    <ClCompile Include="IfExpressionSyntax.cpp">
      <Filter>Source Files\flc\syntax\expr</Filter>
    </ClCompile>
    <ClCompile Include="StringLiteralSyntax.cpp">
      <Filter>Source Files\flc\syntax\literal</Filter>
    </ClCompile>
    <ClCompile Include="SimpleNameSyntax.cpp">
      <Filter>Source Files\flc\syntax\terminal</Filter>
    </ClCompile>
    <ClCompile Include="ShiftExpressionSyntax.cpp">
      <Filter>Source Files\flc\syntax\binary</Filter>
    </ClCompile>
    <ClCompile Include="RelationalExpressionSyntax.cpp">
      <Filter>Source Files\flc\syntax\binary</Filter>
    </ClCompile>
    <ClCompile Include="NullLiteralSyntax.cpp">
      <Filter>Source Files\flc\syntax\literal</Filter>
    </ClCompile>
    <ClCompile Include="WhileExpressionSyntax.cpp">
      <Filter>Source Files\flc\syntax\expr</Filter>
    </ClCompile>
    <ClCompile Include="UnaryOperatorExpressionSyntax.cpp">
      <Filter>Source Files\flc\syntax\unary</Filter>
    </ClCompile>
    <ClCompile Include="ULongLiteralSyntax.cpp">
      <Filter>Source Files\flc\syntax\literal</Filter>
    </ClCompile>
    <ClCompile Include="TernaryExpressionSyntax.cpp">
      <Filter>Source Files\flc\syntax\ternary</Filter>
    </ClCompile>
    <ClCompile Include="UIntegerLiteralSyntax.cpp">
      <Filter>Source Files\flc\syntax\literal</Filter>
    </ClCompile>
    <ClCompile Include="MultiplicativeExpressionSyntax.cpp">
      <Filter>Source Files\flc\syntax\binary</Filter>
    </ClCompile>
    <ClCompile Include="MemberAccessExpressionSyntax.cpp">
      <Filter>Source Files\flc\syntax\terminal</Filter>
    </ClCompile>
    <ClCompile Include="LongLiteralSyntax.cpp">
      <Filter>Source Files\flc\syntax\literal</Filter>
    </ClCompile>
    <ClCompile Include="IntegerLiteralSyntax.cpp">
      <Filter>Source Files\flc\syntax\literal</Filter>
    </ClCompile>
    <ClCompile Include="AddInstr.cpp">
      <Filter>Source Files\flc\emit\arithmetic</Filter>
    </ClCompile>
    <ClCompile Include="AndInstr.cpp">
      <Filter>Source Files\flc\emit\arithmetic</Filter>
    </ClCompile>
    <ClCompile Include="CeqInstr.cpp">
      <Filter>Source Files\flc\emit\compare</Filter>
    </ClCompile>
    <ClCompile Include="CgtInstr.cpp">
      <Filter>Source Files\flc\emit\compare</Filter>
    </ClCompile>
    <ClCompile Include="CkfiniteInstr.cpp">
      <Filter>Source Files\flc\emit\compare</Filter>
    </ClCompile>
    <ClCompile Include="CltInstr.cpp">
      <Filter>Source Files\flc\emit\compare</Filter>
    </ClCompile>
    <ClCompile Include="ConvI1Instr.cpp">
      <Filter>Source Files\flc\emit\convert</Filter>
    </ClCompile>
    <ClCompile Include="ConvI2Instr.cpp">
      <Filter>Source Files\flc\emit\convert</Filter>
    </ClCompile>
    <ClCompile Include="ConvI4Instr.cpp">
      <Filter>Source Files\flc\emit\convert</Filter>
    </ClCompile>
    <ClCompile Include="ConvI8Instr.cpp">
      <Filter>Source Files\flc\emit\convert</Filter>
    </ClCompile>
    <ClCompile Include="ConvIInstr.cpp">
      <Filter>Source Files\flc\emit\convert</Filter>
    </ClCompile>
    <ClCompile Include="ConvR4Instr.cpp">
      <Filter>Source Files\flc\emit\convert</Filter>
    </ClCompile>
    <ClCompile Include="ConvR8Instr.cpp">
      <Filter>Source Files\flc\emit\convert</Filter>
    </ClCompile>
    <ClCompile Include="BreakInstr.cpp">
      <Filter>Source Files\flc\emit\misc</Filter>
    </ClCompile>
    <ClCompile Include="DivInstr.cpp">
      <Filter>Source Files\flc\emit\arithmetic</Filter>
    </ClCompile>
    <ClCompile Include="LdcI8Instr.cpp">
      <Filter>Source Files\flc\emit\constant</Filter>
    </ClCompile>
    <ClCompile Include="LdcI4Instr.cpp">
      <Filter>Source Files\flc\emit\constant</Filter>
    </ClCompile>
    <ClCompile Include="LdcR4Instr.cpp">
      <Filter>Source Files\flc\emit\constant</Filter>
    </ClCompile>
    <ClCompile Include="LdcR8Instr.cpp">
      <Filter>Source Files\flc\emit\constant</Filter>
    </ClCompile>
    <ClCompile Include="LdnullInstr.cpp">
      <Filter>Source Files\flc\emit\constant</Filter>
    </ClCompile>
    <ClCompile Include="LdstrInstr.cpp">
      <Filter>Source Files\flc\emit\constant</Filter>
    </ClCompile>
    <ClCompile Include="DupInstr.cpp">
      <Filter>Source Files\flc\emit\stack</Filter>
    </ClCompile>
    <ClCompile Include="NopInstr.cpp">
      <Filter>Source Files\flc\emit\misc</Filter>
    </ClCompile>
    <ClCompile Include="OrInstr.cpp">
      <Filter>Source Files\flc\emit\arithmetic</Filter>
    </ClCompile>
    <ClCompile Include="MulInstr.cpp">
      <Filter>Source Files\flc\emit\arithmetic</Filter>
    </ClCompile>
    <ClCompile Include="NegInstr.cpp">
      <Filter>Source Files\flc\emit\arithmetic</Filter>
    </ClCompile>
    <ClCompile Include="NotInstr.cpp">
      <Filter>Source Files\flc\emit\arithmetic</Filter>
    </ClCompile>
    <ClCompile Include="PopInstr.cpp">
      <Filter>Source Files\flc\emit\stack</Filter>
    </ClCompile>
    <ClCompile Include="RemInstr.cpp">
      <Filter>Source Files\flc\emit\arithmetic</Filter>
    </ClCompile>
    <ClCompile Include="ShlInstr.cpp">
      <Filter>Source Files\flc\emit\arithmetic</Filter>
    </ClCompile>
    <ClCompile Include="ShrInstr.cpp">
      <Filter>Source Files\flc\emit\arithmetic</Filter>
    </ClCompile>
    <ClCompile Include="SubInstr.cpp">
      <Filter>Source Files\flc\emit\arithmetic</Filter>
    </ClCompile>
    <ClCompile Include="XorInstr.cpp">
      <Filter>Source Files\flc\emit\arithmetic</Filter>
    </ClCompile>
    <ClCompile Include="LogicalNotExpressionSyntax.cpp">
      <Filter>Source Files\flc\syntax\unary</Filter>
    </ClCompile>
    <ClCompile Include="NegateExpressionSyntax.cpp">
      <Filter>Source Files\flc\syntax\unary</Filter>
    </ClCompile>
    <ClCompile Include="OnesComplementExpressionSyntax.cpp">
      <Filter>Source Files\flc\syntax\unary</Filter>
    </ClCompile>
    <ClCompile Include="PreDecrementExpressionSyntax.cpp">
      <Filter>Source Files\flc\syntax\unary</Filter>
    </ClCompile>
    <ClCompile Include="PreIncrementExpressionSyntax.cpp">
      <Filter>Source Files\flc\syntax\unary</Filter>
    </ClCompile>
    <ClCompile Include="UnaryPlusExpressionSyntax.cpp">
      <Filter>Source Files\flc\syntax\unary</Filter>
    </ClCompile>
    <ClCompile Include="ExplicitCastOperator.cpp">
      <Filter>Source Files\flc\op\cast</Filter>
    </ClCompile>
    <ClCompile Include="ImplicitCastOperator.cpp">
      <Filter>Source Files\flc\op\cast</Filter>
    </ClCompile>
    <ClCompile Include="UnaryPlusOperator.cpp">
      <Filter>Source Files\flc\op\unary</Filter>
    </ClCompile>
    <ClCompile Include="OnesComplementOperator.cpp">
      <Filter>Source Files\flc\op\unary</Filter>
    </ClCompile>
    <ClCompile Include="NegationOperator.cpp">
      <Filter>Source Files\flc\op\unary</Filter>
    </ClCompile>
    <ClCompile Include="LogicalNotOperator.cpp">
      <Filter>Source Files\flc\op\unary</Filter>
    </ClCompile>
    <ClCompile Include="IncrementOperator.cpp">
      <Filter>Source Files\flc\op\unary</Filter>
    </ClCompile>
    <ClCompile Include="DecrementOperator.cpp">
      <Filter>Source Files\flc\op\unary</Filter>
    </ClCompile>
    <ClCompile Include="AdditionOperator.cpp">
      <Filter>Source Files\flc\op\binary</Filter>
    </ClCompile>
    <ClCompile Include="BitwiseAndOperator.cpp">
      <Filter>Source Files\flc\op\binary</Filter>
    </ClCompile>
    <ClCompile Include="BitwiseOrOperator.cpp">
      <Filter>Source Files\flc\op\binary</Filter>
    </ClCompile>
    <ClCompile Include="DivisionOperator.cpp">
      <Filter>Source Files\flc\op\binary</Filter>
    </ClCompile>
    <ClCompile Include="EqualityOperator.cpp">
      <Filter>Source Files\flc\op\binary</Filter>
    </ClCompile>
    <ClCompile Include="ExclusiveOrOperator.cpp">
      <Filter>Source Files\flc\op\binary</Filter>
    </ClCompile>
    <ClCompile Include="GreaterThanOperator.cpp">
      <Filter>Source Files\flc\op\binary</Filter>
    </ClCompile>
    <ClCompile Include="GreaterThanOrEqualOperator.cpp">
      <Filter>Source Files\flc\op\binary</Filter>
    </ClCompile>
    <ClCompile Include="InequalityOperator.cpp">
      <Filter>Source Files\flc\op\binary</Filter>
    </ClCompile>
    <ClCompile Include="LeftShiftOperator.cpp">
      <Filter>Source Files\flc\op\binary</Filter>
    </ClCompile>
    <ClCompile Include="LessThanOperator.cpp">
      <Filter>Source Files\flc\op\binary</Filter>
    </ClCompile>
    <ClCompile Include="LessThanOrEqualOperator.cpp">
      <Filter>Source Files\flc\op\binary</Filter>
    </ClCompile>
    <ClCompile Include="ModulusOperator.cpp">
      <Filter>Source Files\flc\op\binary</Filter>
    </ClCompile>
    <ClCompile Include="MultiplicationOperator.cpp">
      <Filter>Source Files\flc\op\binary</Filter>
    </ClCompile>
    <ClCompile Include="RightShiftOperator.cpp">
      <Filter>Source Files\flc\op\binary</Filter>
    </ClCompile>
    <ClCompile Include="SubtractionOperator.cpp">
      <Filter>Source Files\flc\op\binary</Filter>
    </ClCompile>
    <ClCompile Include="BinaryOperator.cpp">
      <Filter>Source Files\flc\op\binary</Filter>
    </ClCompile>
    <ClCompile Include="UnaryOperator.cpp">
      <Filter>Source Files\flc\op\unary</Filter>
    </ClCompile>
    <ClCompile Include="CastOperator.cpp">
      <Filter>Source Files\flc\op\cast</Filter>
    </ClCompile>
    <ClCompile Include="BoxInstr.cpp">
      <Filter>Source Files\flc\emit\convert</Filter>
    </ClCompile>
    <ClCompile Include="BranchInstr.cpp">
      <Filter>Source Files\flc\emit\branch</Filter>
    </ClCompile>
    <ClCompile Include="BrInstr.cpp">
      <Filter>Source Files\flc\emit\branch</Filter>
    </ClCompile>
    <ClCompile Include="BranchTarget.cpp">
      <Filter>Source Files</Filter>
    </ClCompile>
    <ClCompile Include="BeqInstr.cpp">
      <Filter>Source Files\flc\emit\branch</Filter>
    </ClCompile>
    <ClCompile Include="BgeInstr.cpp">
      <Filter>Source Files\flc\emit\branch</Filter>
    </ClCompile>
    <ClCompile Include="BgtInstr.cpp">
      <Filter>Source Files\flc\emit\branch</Filter>
    </ClCompile>
    <ClCompile Include="BleInstr.cpp">
      <Filter>Source Files\flc\emit\branch</Filter>
    </ClCompile>
    <ClCompile Include="BltInstr.cpp">
      <Filter>Source Files\flc\emit\branch</Filter>
    </ClCompile>
    <ClCompile Include="BneInstr.cpp">
      <Filter>Source Files\flc\emit\branch</Filter>
    </ClCompile>
    <ClCompile Include="BrfalseInstr.cpp">
      <Filter>Source Files\flc\emit\branch</Filter>
    </ClCompile>
    <ClCompile Include="BrtrueInstr.cpp">
      <Filter>Source Files\flc\emit\branch</Filter>
    </ClCompile>
  </ItemGroup>
  <ItemGroup>
    <None Include="test.fl">
      <Filter>Copy To Output</Filter>
    </None>
  </ItemGroup>
</Project>