<?xml version="1.0" encoding="utf-8"?>
<Project ToolsVersion="4.0" xmlns="http://schemas.microsoft.com/developer/msbuild/2003">
  <ItemGroup>
    <Filter Include="Source Files">
      <UniqueIdentifier>{4FC737F1-C7A5-4376-A066-2A32D752A2FF}</UniqueIdentifier>
      <Extensions>cpp;c;cc;cxx;def;odl;idl;hpj;bat;asm;asmx</Extensions>
    </Filter>
    <Filter Include="Header Files">
      <UniqueIdentifier>{93995380-89BD-4b04-88EB-625FBE52EBFB}</UniqueIdentifier>
      <Extensions>h;hh;hpp;hxx;hm;inl;inc;xsd</Extensions>
    </Filter>
    <Filter Include="Resource Files">
      <UniqueIdentifier>{67DA6AB6-F800-4c08-8B7A-83BB121AAD01}</UniqueIdentifier>
      <Extensions>rc;ico;cur;bmp;dlg;rc2;rct;bin;rgs;gif;jpg;jpeg;jpe;resx;tiff;tif;png;wav;mfcribbon-ms</Extensions>
    </Filter>
    <Filter Include="Source Files\flc">
      <UniqueIdentifier>{b4c1df33-e808-42ac-a9c9-d81f17988973}</UniqueIdentifier>
    </Filter>
    <Filter Include="Source Files\flc\tokens">
      <UniqueIdentifier>{bbc80bf8-2df9-4c19-903b-d3942c12c41e}</UniqueIdentifier>
    </Filter>
    <Filter Include="Header Files\flc">
      <UniqueIdentifier>{bab98271-a9b3-486d-b962-994c37f82850}</UniqueIdentifier>
    </Filter>
    <Filter Include="Header Files\flc\tokens">
      <UniqueIdentifier>{a9ec14f9-4b3e-48a3-a224-fa0b377ffd81}</UniqueIdentifier>
    </Filter>
    <Filter Include="Copy To Output">
      <UniqueIdentifier>{3ebe8308-5901-47e4-b4e2-75734696821d}</UniqueIdentifier>
    </Filter>
    <Filter Include="Source Files\flc\syntax">
      <UniqueIdentifier>{df11b0f9-b8a8-458f-9510-0a78a4a57c78}</UniqueIdentifier>
    </Filter>
    <Filter Include="Header Files\flc\syntax">
      <UniqueIdentifier>{5188ef81-35fd-413e-b195-9f02a5ef5156}</UniqueIdentifier>
    </Filter>
    <Filter Include="Source Files\flc\syntax\factory">
      <UniqueIdentifier>{ed952475-9249-4873-b648-6a8f6f59098a}</UniqueIdentifier>
    </Filter>
    <Filter Include="Header Files\flc\syntax\factory">
      <UniqueIdentifier>{aa5e4e23-dfdd-4436-ae87-4a4064191bb7}</UniqueIdentifier>
    </Filter>
  </ItemGroup>
  <ItemGroup>
    <ClInclude Include="stdafx.h">
      <Filter>Header Files</Filter>
    </ClInclude>
    <ClInclude Include="targetver.h">
      <Filter>Header Files</Filter>
    </ClInclude>
    <ClInclude Include="CommandLineParser.h">
      <Filter>Header Files\flc</Filter>
    </ClInclude>
    <ClInclude Include="Compiler.h">
      <Filter>Header Files\flc</Filter>
    </ClInclude>
    <ClInclude Include="Token.h">
      <Filter>Header Files\flc\tokens</Filter>
    </ClInclude>
    <ClInclude Include="Tokenizer.h">
      <Filter>Header Files\flc\tokens</Filter>
    </ClInclude>
    <ClInclude Include="Errors.h">
      <Filter>Header Files\flc</Filter>
    </ClInclude>
    <ClInclude Include="IntegerLiteralToken.h">
      <Filter>Header Files\flc\tokens</Filter>
    </ClInclude>
    <ClInclude Include="FloatLiteralToken.h">
      <Filter>Header Files\flc\tokens</Filter>
    </ClInclude>
    <ClInclude Include="SymbolToken.h">
      <Filter>Header Files\flc\tokens</Filter>
    </ClInclude>
    <ClInclude Include="StringLiteralToken.h">
      <Filter>Header Files\flc\tokens</Filter>
    </ClInclude>
    <ClInclude Include="CharacterLiteralToken.h">
      <Filter>Header Files\flc\tokens</Filter>
    </ClInclude>
    <ClInclude Include="EndOfFileToken.h">
      <Filter>Header Files\flc\tokens</Filter>
    </ClInclude>
    <ClInclude Include="IdentifierToken.h">
      <Filter>Header Files\flc\tokens</Filter>
    </ClInclude>
    <ClInclude Include="KeywordToken.h">
      <Filter>Header Files\flc\tokens</Filter>
    </ClInclude>
    <ClInclude Include="BooleanLiteralToken.h">
      <Filter>Header Files\flc\tokens</Filter>
    </ClInclude>
    <ClInclude Include="NullLiteralToken.h">
      <Filter>Header Files\flc\tokens</Filter>
    </ClInclude>
    <ClInclude Include="ErrorToken.h">
      <Filter>Header Files\flc\tokens</Filter>
    </ClInclude>
    <ClInclude Include="MultiLineComment.h">
      <Filter>Header Files\flc\tokens</Filter>
    </ClInclude>
    <ClInclude Include="Comment.h">
      <Filter>Header Files\flc\tokens</Filter>
    </ClInclude>
    <ClInclude Include="SingleLineComment.h">
      <Filter>Header Files\flc\tokens</Filter>
    </ClInclude>
    <ClInclude Include="Syntax.h">
      <Filter>Header Files\flc\syntax</Filter>
    </ClInclude>
    <ClInclude Include="ExpressionSyntax.h">
      <Filter>Header Files\flc\syntax</Filter>
    </ClInclude>
    <ClInclude Include="MultiplicativeExpressionSyntax.h">
      <Filter>Header Files\flc\syntax</Filter>
    </ClInclude>
    <ClInclude Include="AdditiveExpressionSyntax.h">
      <Filter>Header Files\flc\syntax</Filter>
    </ClInclude>
    <ClInclude Include="UnaryExpressionSyntax.h">
      <Filter>Header Files\flc\syntax</Filter>
    </ClInclude>
    <ClInclude Include="TermSyntax.h">
      <Filter>Header Files\flc\syntax</Filter>
    </ClInclude>
    <ClInclude Include="ExpressionSyntaxFactory.h">
      <Filter>Header Files\flc\syntax\factory</Filter>
    </ClInclude>
    <ClInclude Include="AdditiveExpressionSyntaxFactory.h">
      <Filter>Header Files\flc\syntax\factory</Filter>
    </ClInclude>
    <ClInclude Include="MultiplicativeExpressionSyntaxFactory.h">
      <Filter>Header Files\flc\syntax\factory</Filter>
    </ClInclude>
    <ClInclude Include="UnaryExpressionSyntaxFactory.h">
      <Filter>Header Files\flc\syntax\factory</Filter>
    </ClInclude>
    <ClInclude Include="TermSyntaxFactory.h">
      <Filter>Header Files\flc\syntax\factory</Filter>
    </ClInclude>
    <ClInclude Include="TernaryExpressionSyntaxFactory.h">
      <Filter>Header Files\flc\syntax\factory</Filter>
    </ClInclude>
    <ClInclude Include="ConditionalOrExpressionSyntaxFactory.h">
      <Filter>Header Files\flc\syntax\factory</Filter>
    </ClInclude>
    <ClInclude Include="ConditionalAndExpressionSyntaxFactory.h">
      <Filter>Header Files\flc\syntax\factory</Filter>
    </ClInclude>
    <ClInclude Include="InclusiveOrExpressionSyntaxFactory.h">
      <Filter>Header Files\flc\syntax\factory</Filter>
    </ClInclude>
    <ClInclude Include="ExclusiveOrExpressionSyntaxFactory.h">
      <Filter>Header Files\flc\syntax\factory</Filter>
    </ClInclude>
    <ClInclude Include="AndExpressionSyntaxFactory.h">
      <Filter>Header Files\flc\syntax\factory</Filter>
    </ClInclude>
    <ClInclude Include="EqualityExpressionSyntaxFactory.h">
      <Filter>Header Files\flc\syntax\factory</Filter>
    </ClInclude>
    <ClInclude Include="RelationalExpressionSyntaxFactory.h">
      <Filter>Header Files\flc\syntax\factory</Filter>
    </ClInclude>
    <ClInclude Include="ShiftExpressionSyntaxFactory.h">
      <Filter>Header Files\flc\syntax\factory</Filter>
    </ClInclude>
    <ClInclude Include="TernaryExpressionSyntax.h">
      <Filter>Header Files\flc\syntax</Filter>
    </ClInclude>
    <ClInclude Include="ConditionalOrExpressionSyntax.h">
      <Filter>Header Files\flc\syntax</Filter>
    </ClInclude>
    <ClInclude Include="ConditionalAndExpressionSyntax.h">
      <Filter>Header Files\flc\syntax</Filter>
    </ClInclude>
    <ClInclude Include="InclusiveOrExpressionSyntax.h">
      <Filter>Header Files\flc\syntax</Filter>
    </ClInclude>
    <ClInclude Include="ExclusiveOrExpressionSyntax.h">
      <Filter>Header Files\flc\syntax</Filter>
    </ClInclude>
    <ClInclude Include="AndExpressionSyntax.h">
      <Filter>Header Files\flc\syntax</Filter>
    </ClInclude>
    <ClInclude Include="EqualityExpressionSyntax.h">
      <Filter>Header Files\flc\syntax</Filter>
    </ClInclude>
    <ClInclude Include="RelationalExpressionSyntax.h">
      <Filter>Header Files\flc\syntax</Filter>
    </ClInclude>
    <ClInclude Include="ShiftExpressionSyntax.h">
      <Filter>Header Files\flc\syntax</Filter>
    </ClInclude>
    <ClInclude Include="CompoundExpressionSyntaxFactory.h">
      <Filter>Header Files\flc\syntax\factory</Filter>
    </ClInclude>
    <ClInclude Include="CompoundExpressionSyntax.h">
      <Filter>Header Files\flc\syntax</Filter>
    </ClInclude>
  </ItemGroup>
  <ItemGroup>
    <ClCompile Include="stdafx.cpp">
      <Filter>Source Files</Filter>
    </ClCompile>
    <ClCompile Include="FLC.cpp">
      <Filter>Source Files</Filter>
    </ClCompile>
    <ClCompile Include="CommandLineParser.cpp">
      <Filter>Source Files\flc</Filter>
    </ClCompile>
    <ClCompile Include="Compiler.cpp">
      <Filter>Source Files\flc</Filter>
    </ClCompile>
    <ClCompile Include="Tokenizer.cpp">
      <Filter>Source Files\flc\tokens</Filter>
    </ClCompile>
    <ClCompile Include="Token.cpp">
      <Filter>Source Files\flc\tokens</Filter>
    </ClCompile>
    <ClCompile Include="Errors.cpp">
      <Filter>Source Files\flc</Filter>
    </ClCompile>
    <ClCompile Include="IntegerLiteralToken.cpp">
      <Filter>Source Files\flc\tokens</Filter>
    </ClCompile>
    <ClCompile Include="FloatLiteralToken.cpp">
      <Filter>Source Files\flc\tokens</Filter>
    </ClCompile>
    <ClCompile Include="SymbolToken.cpp">
      <Filter>Source Files\flc\tokens</Filter>
    </ClCompile>
    <ClCompile Include="StringLiteralToken.cpp">
      <Filter>Source Files\flc\tokens</Filter>
    </ClCompile>
    <ClCompile Include="CharacterLiteralToken.cpp">
      <Filter>Source Files\flc\tokens</Filter>
    </ClCompile>
    <ClCompile Include="EndOfFileToken.cpp">
      <Filter>Source Files\flc\tokens</Filter>
    </ClCompile>
    <ClCompile Include="IdentifierToken.cpp">
      <Filter>Source Files\flc\tokens</Filter>
    </ClCompile>
    <ClCompile Include="KeywordToken.cpp">
      <Filter>Source Files\flc\tokens</Filter>
    </ClCompile>
    <ClCompile Include="NullLiteralToken.cpp">
      <Filter>Source Files\flc\tokens</Filter>
    </ClCompile>
    <ClCompile Include="BooleanLiteralToken.cpp">
      <Filter>Source Files\flc\tokens</Filter>
    </ClCompile>
    <ClCompile Include="ErrorToken.cpp">
      <Filter>Source Files\flc\tokens</Filter>
    </ClCompile>
    <ClCompile Include="MultiLineComment.cpp">
      <Filter>Source Files\flc\tokens</Filter>
    </ClCompile>
    <ClCompile Include="SingleLineComment.cpp">
      <Filter>Source Files\flc\tokens</Filter>
    </ClCompile>
    <ClCompile Include="Comment.cpp">
      <Filter>Source Files\flc\tokens</Filter>
    </ClCompile>
    <ClCompile Include="Syntax.cpp">
      <Filter>Source Files\flc\syntax</Filter>
    </ClCompile>
    <ClCompile Include="ExpressionSyntax.cpp">
      <Filter>Source Files\flc\syntax</Filter>
    </ClCompile>
    <ClCompile Include="AdditiveExpressionSyntax.cpp">
      <Filter>Source Files\flc\syntax</Filter>
    </ClCompile>
    <ClCompile Include="MultiplicativeExpressionSyntax.cpp">
      <Filter>Source Files\flc\syntax</Filter>
    </ClCompile>
    <ClCompile Include="UnaryExpressionSyntax.cpp">
      <Filter>Source Files\flc\syntax</Filter>
    </ClCompile>
    <ClCompile Include="TermSyntax.cpp">
      <Filter>Source Files\flc\syntax</Filter>
    </ClCompile>
    <ClCompile Include="ExpressionSyntaxFactory.cpp">
      <Filter>Source Files\flc\syntax\factory</Filter>
    </ClCompile>
    <ClCompile Include="AdditiveExpressionSyntaxFactory.cpp">
      <Filter>Source Files\flc\syntax\factory</Filter>
    </ClCompile>
    <ClCompile Include="MultiplicativeExpressionSyntaxFactory.cpp">
      <Filter>Source Files\flc\syntax\factory</Filter>
    </ClCompile>
    <ClCompile Include="UnaryExpressionSyntaxFactory.cpp">
      <Filter>Source Files\flc\syntax\factory</Filter>
    </ClCompile>
    <ClCompile Include="TermSyntaxFactory.cpp">
      <Filter>Source Files\flc\syntax\factory</Filter>
    </ClCompile>
    <ClCompile Include="TernaryExpressionSyntaxFactory.cpp">
      <Filter>Source Files\flc\syntax\factory</Filter>
    </ClCompile>
    <ClCompile Include="ConditionalOrExpressionSyntaxFactory.cpp">
      <Filter>Source Files\flc\syntax\factory</Filter>
    </ClCompile>
    <ClCompile Include="ConditionalAndExpressionSyntaxFactory.cpp">
      <Filter>Source Files\flc\syntax\factory</Filter>
    </ClCompile>
    <ClCompile Include="InclusiveOrExpressionSyntaxFactory.cpp">
      <Filter>Source Files\flc\syntax\factory</Filter>
    </ClCompile>
    <ClCompile Include="ExclusiveOrExpressionSyntaxFactory.cpp">
      <Filter>Source Files\flc\syntax\factory</Filter>
    </ClCompile>
    <ClCompile Include="AndExpressionSyntaxFactory.cpp">
      <Filter>Source Files\flc\syntax\factory</Filter>
    </ClCompile>
    <ClCompile Include="EqualityExpressionSyntaxFactory.cpp">
      <Filter>Source Files\flc\syntax\factory</Filter>
    </ClCompile>
    <ClCompile Include="RelationalExpressionSyntaxFactory.cpp">
      <Filter>Source Files\flc\syntax\factory</Filter>
    </ClCompile>
    <ClCompile Include="ShiftExpressionSyntaxFactory.cpp">
      <Filter>Source Files\flc\syntax\factory</Filter>
    </ClCompile>
    <ClCompile Include="TernaryExpressionSyntax.cpp">
      <Filter>Source Files\flc\syntax</Filter>
    </ClCompile>
    <ClCompile Include="ConditionalOrExpressionSyntax.cpp">
      <Filter>Source Files\flc\syntax</Filter>
    </ClCompile>
    <ClCompile Include="ConditionalAndExpressionSyntax.cpp">
      <Filter>Source Files\flc\syntax</Filter>
    </ClCompile>
    <ClCompile Include="InclusiveOrExpressionSyntax.cpp">
      <Filter>Source Files\flc\syntax</Filter>
    </ClCompile>
    <ClCompile Include="ExclusiveOrExpressionSyntax.cpp">
      <Filter>Source Files\flc\syntax</Filter>
    </ClCompile>
    <ClCompile Include="AndExpressionSyntax.cpp">
      <Filter>Source Files\flc\syntax</Filter>
    </ClCompile>
    <ClCompile Include="EqualityExpressionSyntax.cpp">
      <Filter>Source Files\flc\syntax</Filter>
    </ClCompile>
    <ClCompile Include="RelationalExpressionSyntax.cpp">
      <Filter>Source Files\flc\syntax</Filter>
    </ClCompile>
    <ClCompile Include="ShiftExpressionSyntax.cpp">
      <Filter>Source Files\flc\syntax</Filter>
    </ClCompile>
    <ClCompile Include="CompoundExpressionSyntaxFactory.cpp">
      <Filter>Source Files\flc\syntax\factory</Filter>
    </ClCompile>
    <ClCompile Include="CompoundExpressionSyntax.cpp">
      <Filter>Source Files\flc\syntax</Filter>
    </ClCompile>
  </ItemGroup>
  <ItemGroup>
    <None Include="test.fl">
      <Filter>Copy To Output</Filter>
    </None>
  </ItemGroup>
</Project>