<?xml version="1.0" encoding="utf-8"?>
<Project ToolsVersion="4.0" xmlns="http://schemas.microsoft.com/developer/msbuild/2003">
  <ItemGroup>
    <Filter Include="Source Files">
      <UniqueIdentifier>{4FC737F1-C7A5-4376-A066-2A32D752A2FF}</UniqueIdentifier>
      <Extensions>cpp;c;cc;cxx;def;odl;idl;hpj;bat;asm;asmx</Extensions>
    </Filter>
    <Filter Include="Header Files">
      <UniqueIdentifier>{93995380-89BD-4b04-88EB-625FBE52EBFB}</UniqueIdentifier>
      <Extensions>h;hh;hpp;hxx;hm;inl;inc;xsd</Extensions>
    </Filter>
    <Filter Include="Resource Files">
      <UniqueIdentifier>{67DA6AB6-F800-4c08-8B7A-83BB121AAD01}</UniqueIdentifier>
      <Extensions>rc;ico;cur;bmp;dlg;rc2;rct;bin;rgs;gif;jpg;jpeg;jpe;resx;tiff;tif;png;wav;mfcribbon-ms</Extensions>
    </Filter>
    <Filter Include="Source Files\flc">
      <UniqueIdentifier>{2e89c3b9-1290-4346-a03a-d27e5d7d3eef}</UniqueIdentifier>
    </Filter>
    <Filter Include="Source Files\flc\tokens">
      <UniqueIdentifier>{05a720c1-85c8-4af9-a4d6-451c5ba619a3}</UniqueIdentifier>
    </Filter>
    <Filter Include="Source Files\flc\syntax">
      <UniqueIdentifier>{273418c7-9614-48fd-907d-511ff28af688}</UniqueIdentifier>
    </Filter>
    <Filter Include="Source Files\flc\syntax\factory">
      <UniqueIdentifier>{da24f6f8-f90d-4b3c-8d3f-72942a13670c}</UniqueIdentifier>
    </Filter>
    <Filter Include="Header Files\flc">
      <UniqueIdentifier>{f869378c-44c8-4bd5-8c17-de756d8afe70}</UniqueIdentifier>
    </Filter>
    <Filter Include="Header Files\flc\syntax">
      <UniqueIdentifier>{eee6f3c3-06e8-4701-b115-67e087c84656}</UniqueIdentifier>
    </Filter>
    <Filter Include="Header Files\flc\syntax\factory">
      <UniqueIdentifier>{45df8462-eaef-4e9e-a1ac-bca5a50af045}</UniqueIdentifier>
    </Filter>
    <Filter Include="Source Files\flc\types">
      <UniqueIdentifier>{8a0a9c1f-be32-42eb-848a-b635b8d501c9}</UniqueIdentifier>
    </Filter>
    <Filter Include="Source Files\flc\op">
      <UniqueIdentifier>{6acfad98-3131-4c41-b708-fa729c2bd3ca}</UniqueIdentifier>
    </Filter>
    <Filter Include="Source Files\flc\emit">
      <UniqueIdentifier>{1308d285-e878-4fe7-b0c2-7120780880fd}</UniqueIdentifier>
    </Filter>
  </ItemGroup>
  <ItemGroup>
    <ClInclude Include="stdafx.h">
      <Filter>Header Files</Filter>
    </ClInclude>
    <ClInclude Include="targetver.h">
      <Filter>Header Files</Filter>
    </ClInclude>
    <ClInclude Include="testFactory.h">
      <Filter>Header Files\flc\syntax\factory</Filter>
    </ClInclude>
  </ItemGroup>
  <ItemGroup>
    <ClCompile Include="stdafx.cpp">
      <Filter>Source Files</Filter>
    </ClCompile>
    <ClCompile Include="testErrors.cpp">
      <Filter>Source Files\flc</Filter>
    </ClCompile>
    <ClCompile Include="testCompiler.cpp">
      <Filter>Source Files\flc</Filter>
    </ClCompile>
    <ClCompile Include="testCommandLineParser.cpp">
      <Filter>Source Files\flc</Filter>
    </ClCompile>
    <ClCompile Include="testTokenizer.cpp">
      <Filter>Source Files\flc\tokens</Filter>
    </ClCompile>
    <ClCompile Include="testTernaryExpressionSyntaxFactory.cpp">
      <Filter>Source Files\flc\syntax\factory</Filter>
    </ClCompile>
    <ClCompile Include="testConditionalOrExpressionSyntaxFactory.cpp">
      <Filter>Source Files\flc\syntax\factory</Filter>
    </ClCompile>
    <ClCompile Include="testConditionalAndExpressionSyntaxFactory.cpp">
      <Filter>Source Files\flc\syntax\factory</Filter>
    </ClCompile>
    <ClCompile Include="testInclusiveOrExpressionSyntaxFactory.cpp">
      <Filter>Source Files\flc\syntax\factory</Filter>
    </ClCompile>
    <ClCompile Include="testExclusiveOrExpressionSyntaxFactory.cpp">
      <Filter>Source Files\flc\syntax\factory</Filter>
    </ClCompile>
    <ClCompile Include="testAndExpressionSyntaxFactory.cpp">
      <Filter>Source Files\flc\syntax\factory</Filter>
    </ClCompile>
    <ClCompile Include="testEqualityExpressionSyntaxFactory.cpp">
      <Filter>Source Files\flc\syntax\factory</Filter>
    </ClCompile>
    <ClCompile Include="testRelationalExpressionSyntaxFactory.cpp">
      <Filter>Source Files\flc\syntax\factory</Filter>
    </ClCompile>
    <ClCompile Include="testShiftExpressionSyntaxFactory.cpp">
      <Filter>Source Files\flc\syntax\factory</Filter>
    </ClCompile>
    <ClCompile Include="testAdditiveExpressionSyntaxFactory.cpp">
      <Filter>Source Files\flc\syntax\factory</Filter>
    </ClCompile>
    <ClCompile Include="testMultiplicativeExpressionSyntaxFactory.cpp">
      <Filter>Source Files\flc\syntax\factory</Filter>
    </ClCompile>
    <ClCompile Include="testUnaryExpressionSyntaxFactory.cpp">
      <Filter>Source Files\flc\syntax\factory</Filter>
    </ClCompile>
    <ClCompile Include="testTermSyntaxFactory.cpp">
      <Filter>Source Files\flc\syntax\factory</Filter>
    </ClCompile>
    <ClCompile Include="testExpressionSyntaxFactory.cpp">
      <Filter>Source Files\flc\syntax\factory</Filter>
    </ClCompile>
    <ClCompile Include="testIfExpressionSyntaxFactory.cpp">
      <Filter>Source Files\flc\syntax\factory</Filter>
    </ClCompile>
    <ClCompile Include="testWhileExpressionFactory.cpp">
      <Filter>Source Files\flc\syntax\factory</Filter>
    </ClCompile>
    <ClCompile Include="testRuntimeType.cpp">
      <Filter>Source Files\flc\types</Filter>
    </ClCompile>
  </ItemGroup>
</Project>